
Microsoft Visual Studio Solution File, Format Version 12.00
# Visual Studio Version 17
VisualStudioVersion = 17.11.35303.130
MinimumVisualStudioVersion = 10.0.40219.1
Project("{FAE04EC0-301F-11D3-BF4B-00C04F79EFBC}") = "PARCEL", "PARCEL.csproj", "{168D5F8B-1FBE-46A4-BE3B-E80563F39D99}"
EndProject
Global
	GlobalSection(SolutionConfigurationPlatforms) = preSolution
		Debug|Any CPU = Debug|Any CPU
		Release|Any CPU = Release|Any CPU
	EndGlobalSection
	GlobalSection(ProjectConfigurationPlatforms) = postSolution
		{168D5F8B-1FBE-46A4-BE3B-E80563F39D99}.Debug|Any CPU.ActiveCfg = Debug|Any CPU
		{168D5F8B-1FBE-46A4-BE3B-E80563F39D99}.Debug|Any CPU.Build.0 = Debug|Any CPU
		{168D5F8B-1FBE-46A4-BE3B-E80563F39D99}.Release|Any CPU.ActiveCfg = Release|Any CPU
		{168D5F8B-1FBE-46A4-BE3B-E80563F39D99}.Release|Any CPU.Build.0 = Release|Any CPU
	EndGlobalSection
	GlobalSection(SolutionProperties) = preSolution
		HideSolutionNode = FALSE
	EndGlobalSection
	GlobalSection(ExtensibilityGlobals) = postSolution
		SolutionGuid = {EBFC1812-7A5F-4716-8337-2C81A348B897}
	EndGlobalSection
EndGlobal
